github.com/ONSdigital/dp-api-clients-go/v2 v2.252.1 h1:8iT85wgqtJynoPNbVpb5M+RamR5yjEVL1nlQW4deb6w=
github.com/ONSdigital/dp-api-clients-go/v2 v2.252.1/go.mod h1:N/8TXJmmDpa9YA9oQjgqaB172+WExUJwt3yI47bVXa0=
github.com/ONSdigital/dp-graph/v2 v2.17.0 h1:RHXNNiWix4zVQc2QzQEpICYP7NCjfhFQ+bU2/6491Qw=
github.com/ONSdigital/dp-graph/v2 v2.17.0/go.mod h1:uTvJy7GPH7b7CrPA9hXa+U2FZRwbZgw5uoR/1d1dNEg=
github.com/ONSdigital/dp-healthcheck v1.6.1 h1:YDAnxE2fI3G2hhGC42mKI/fRhAhIYmFZGQwQ/8M65M0=
github.com/ONSdigital/dp-healthcheck v1.6.1/go.mod h1:FURB2RUJHw3lssamKtsGsrbu31ar9yhMSDYzG9vgSIo=
github.com/ONSdigital/dp-net/v2 v2.11.0 h1:XXst84GpXhBiyKoqLuohR7CvzrCBfSkq6YsveTarlt4=
github.com/ONSdigital/dp-net/v2 v2.11.0/go.mod h1:4T3GgoonNt2nZZJJer9cx7j/3XGJ1UhTp16flx+uDeA=
github.com/ONSdigital/golang-neo4j-bolt-driver v0.0.0-20210408132126-c2323ff08bf1 h1:xfcuXZ7tM8EL2Y+gSKW59JNN5ID6vhOaXO/MlN6m7xU=
github.com/ONSdigital/golang-neo4j-bolt-driver v0.0.0-20210408132126-c2323ff08bf1/go.mod h1:75Sxr59AMz2RiPskqSymLFxdeaIEhnkNaJE5lonMS3M=
github.com/ONSdigital/graphson v0.3.0 h1:s59Qx6RgC4IlqIvjXLD1NWpMGQ8tKIUaJGqnjuy8Zxk=
github.com/ONSdigital/graphson v0.3.0/go.mod h1:CimOliQd5p4nPFoncFl4uXguGczYzjHIfdf8YxFm1BQ=
github.com/ONSdigital/gremgo-neptune v1.1.0 h1:M//UNGPy+OBatFBGBVWFVzdJD/UkRmNbwR/cV4b9lb0=
github.com/ONSdigital/gremgo-neptune v1.1.0/go.mod h1:OC8qe/RRo+5Grdmrb3bcjEKntBEKH+SGmp1yG3twn5Y=
github.com/ONSdigital/log.go/v2 v2.4.1 h1:QAHQqtXgXx43OUTSebNAocVfN21RwrHzagN6zDAzwdo=
github.com/ONSdigital/log.go/v2 v2.4.1/go.mod h1:hJTjxs9r8k49maNelGpL4SBWv8NG45vCKp15+6ce9bw=
github.com/fatih/color v1.15.0 h1:kOqh6YHBtK8aywxGerMG2Eq3H6Qgoqeo13Bk2Mv/nBs=
github.com/fatih/color v1.15.0/go.mod h1:0h5ZqXfHYED7Bhv2ZJamyIOUej9KtShiJESRwBDUSsw=
github.com/gofrs/uuid v4.4.0+incompatible h1:3qXRTX8/NbyulANqlc0lchS1gqAVxRgsuW1YrTJupqA=
github.com/gofrs/uuid v4.4.0+incompatible/go.mod h1:b2aQJv3Z4Fp6yNu3cdSllBxTCLRxnplIgP/c0N/04lM=
github.com/google/go-cmp v0.5.6 h1:BKbKCqvP6I+rmFHt06ZmyQtvB8xAkWdhFyr0ZUNZcxQ=
github.com/gopherjs/gopherjs v1.17.2 h1:fQnZVsXk8uxXIStYb0N4bGk7jeyTalG/wsZjQ25dO0g=
github.com/gopherjs/gopherjs v1.17.2/go.mod h1:pRRIvn/QzFLrKfvEz3qUuEhtE/zLCWfreZ6J5gM2i+k=
github.com/gorilla/mux v1.8.0 h1:i40aqfkR1h2SlN9hojwV5ZA91wcXFOvkdNIeFDP5koI=
github.com/gorilla/mux v1.8.0/go.mod h1:DVbg23sWSpFRCP0SfiEN6jmj59UnW/n46BH5rLB71So=
github.com/gorilla/websocket v1.5.0 h1:PPwGk2jz7EePpoHN/+ClbZu8SPxiqlu12wZP/3sWmnc=
github.com/gorilla/websocket v1.5.0/go.mod h1:YR8l580nyteQvAITg2hZ9XVh4b55+EU/adAjf1fMHhE=
github.com/hokaccha/go-prettyjson v0.0.0-20211117102719-0474bc63780f h1:7LYC+Yfkj3CTRcShK0KOL/w6iTiKyqqBA9a41Wnggw8=
github.com/hokaccha/go-prettyjson v0.0.0-20211117102719-0474bc63780f/go.mod h1:pFlLw2CfqZiIBOx6BuCeRLCrfxBJipTY0nIOF/VbGcI=
github.com/jtolds/gls v4.20.0+incompatible h1:xdiiI2gbIgH/gLH7ADydsJ1uDOEzR8yvV7C0MuV77Wo=
github.com/jtolds/gls v4.20.0+incompatible/go.mod h1:QJZ7F/aHp+rZTRtaJ1ow/lLfFfVYBRgL+9YlvaHOwJU=
github.com/justinas/alice v1.2.0 h1:+MHSA/vccVCF4Uq37S42jwlkvI2Xzl7zTPCN5BnZNVo=
github.com/justinas/alice v1.2.0/go.mod h1:fN5HRH/reO/zrUflLfTN43t3vXvKzvZIENsNEe7i7qA=
github.com/kelseyhightower/envconfig v1.4.0 h1:Im6hONhd3pLkfDFsbRgu68RDNkGF1r3dvMUtDTo2cv8=
github.com/kelseyhightower/envconfig v1.4.0/go.mod h1:cccZRl6mQpaq41TPp5QxidR+Sa3axMbJDNb//FQX6Gg=
github.com/mattn/go-colorable v0.1.13 h1:fFA4WZxdEF4tXPZVKMLwD8oUnCTTo08duU7wxecdEvA=
github.com/mattn/go-colorable v0.1.13/go.mod h1:7S9/ev0klgBDR4GtXTXX8a3vIGJpMovkB8vQcUbaXHg=
github.com/mattn/go-isatty v0.0.16/go.mod h1:kYGgaQfpe5nmfYZH+SKPsOc2e4SrIfOl2e/yFXSvRLM=
github.com/mattn/go-isatty v0.0.18 h1:DOKFKCQ7FNG2L1rbrmstDN4QVRdS89Nkh85u68Uwp98=
github.com/mattn/go-isatty v0.0.18/go.mod h1:W+V8PltTTMOvKvAeJH7IuucS94S2C6jfK/D7dTCTo3Y=
github.com/pkg/errors v0.9.1 h1:FEBLx1zS214owpjy7qsBeixbURkuhQAwrK5UwLGTwt4=
github.com/pkg/errors v0.9.1/go.mod h1:bwawxfHBFNV+L2hUp1rHADufV3IMtnDRdf1r5NINEl0=
github.com/smarty/assertions v1.15.0 h1:cR//PqUBUiQRakZWqBiFFQ9wb8emQGDb0HeGdqGByCY=
github.com/smarty/assertions v1.15.0/go.mod h1:yABtdzeQs6l1brC900WlRNwj6ZR55d7B+E8C6HtKdec=
github.com/smartystreets/goconvey v1.8.1 h1:qGjIddxOk4grTu9JPOU31tVfq3cNdBlNa5sSznIX1xY=
github.com/smartystreets/goconvey v1.8.1/go.mod h1:+/u4qLyY6x1jReYOp7GOM2FSt8aP9CzCZL03bI28W60=
golang.org/x/net v0.14.0 h1:BONx9s002vGdD9umnlX1Po8vOZmrgH34qlHcD1MfK14=
golang.org/x/net v0.14.0/go.mod h1:PpSgVXXLK0OxS0F31C1/tv6XNguvCrnXIDrFMspZIUI=
golang.org/x/sys v0.0.0-20220811171246-fbc7d0a398ab/go.mod h1:oPkhp1MJrh7nUepCBck5+mAzfO9JrbApNNgaTdGDITg=
golang.org/x/sys v0.6.0/go.mod h1:oPkhp1MJrh7nUepCBck5+mAzfO9JrbApNNgaTdGDITg=
golang.org/x/sys v0.11.0 h1:eG7RXZHdqOJ1i+0lgLgCpSXAp6M3LYlAo6osgSi0xOM=
golang.org/x/sys v0.11.0/go.mod h1:oPkhp1MJrh7nUepCBck5+mAzfO9JrbApNNgaTdGDITg=
